
Microsoft Visual Studio Solution File, Format Version 12.00
# Visual Studio Version 17
VisualStudioVersion = 17.6.33815.320
MinimumVisualStudioVersion = 10.0.40219.1
Project("{FAE04EC0-301F-11D3-BF4B-00C04F79EFBC}") = "RPG.Core", "RPG.Core\RPG.Core.csproj", "{2E45E367-8E74-4BF7-ABB5-F8681D725DC4}"
EndProject
Project("{FAE04EC0-301F-11D3-BF4B-00C04F79EFBC}") = "RPG.Data", "RPG.Data\RPG.Data.csproj", "{79AEBBC6-3409-4E3A-9148-0240C97A64AD}"
EndProject
Project("{FAE04EC0-301F-11D3-BF4B-00C04F79EFBC}") = "RPG.GameLogic", "RPG.GameLogic\RPG.GameLogic.csproj", "{05FC9D4F-A793-4DEA-AED5-B522ACB39487}"
	ProjectSection(ProjectDependencies) = postProject
		{2E45E367-8E74-4BF7-ABB5-F8681D725DC4} = {2E45E367-8E74-4BF7-ABB5-F8681D725DC4}
		{79AEBBC6-3409-4E3A-9148-0240C97A64AD} = {79AEBBC6-3409-4E3A-9148-0240C97A64AD}
	EndProjectSection
EndProject
Project("{FAE04EC0-301F-11D3-BF4B-00C04F79EFBC}") = "RPG.Menus", "RPG.Menus\RPG.Menus.csproj", "{6D145AB0-4733-4B18-9A5E-5E330CA7E5E3}"
	ProjectSection(ProjectDependencies) = postProject
		{2E45E367-8E74-4BF7-ABB5-F8681D725DC4} = {2E45E367-8E74-4BF7-ABB5-F8681D725DC4}
		{79AEBBC6-3409-4E3A-9148-0240C97A64AD} = {79AEBBC6-3409-4E3A-9148-0240C97A64AD}
	EndProjectSection
EndProject
Project("{FAE04EC0-301F-11D3-BF4B-00C04F79EFBC}") = "RPG", "RPG\RPG.csproj", "{5378B13C-DA77-4F9A-A7D7-854EFD51B148}"
	ProjectSection(ProjectDependencies) = postProject
		{05FC9D4F-A793-4DEA-AED5-B522ACB39487} = {05FC9D4F-A793-4DEA-AED5-B522ACB39487}
		{2E45E367-8E74-4BF7-ABB5-F8681D725DC4} = {2E45E367-8E74-4BF7-ABB5-F8681D725DC4}
		{6D145AB0-4733-4B18-9A5E-5E330CA7E5E3} = {6D145AB0-4733-4B18-9A5E-5E330CA7E5E3}
		{79AEBBC6-3409-4E3A-9148-0240C97A64AD} = {79AEBBC6-3409-4E3A-9148-0240C97A64AD}
	EndProjectSection
EndProject
Global
	GlobalSection(SolutionConfigurationPlatforms) = preSolution
		Debug|Any CPU = Debug|Any CPU
		Release|Any CPU = Release|Any CPU
	EndGlobalSection
	GlobalSection(ProjectConfigurationPlatforms) = postSolution
		{2E45E367-8E74-4BF7-ABB5-F8681D725DC4}.Debug|Any CPU.ActiveCfg = Debug|Any CPU
		{2E45E367-8E74-4BF7-ABB5-F8681D725DC4}.Debug|Any CPU.Build.0 = Debug|Any CPU
		{2E45E367-8E74-4BF7-ABB5-F8681D725DC4}.Release|Any CPU.ActiveCfg = Release|Any CPU
		{2E45E367-8E74-4BF7-ABB5-F8681D725DC4}.Release|Any CPU.Build.0 = Release|Any CPU
		{79AEBBC6-3409-4E3A-9148-0240C97A64AD}.Debug|Any CPU.ActiveCfg = Debug|Any CPU
		{79AEBBC6-3409-4E3A-9148-0240C97A64AD}.Debug|Any CPU.Build.0 = Debug|Any CPU
		{79AEBBC6-3409-4E3A-9148-0240C97A64AD}.Release|Any CPU.ActiveCfg = Release|Any CPU
		{79AEBBC6-3409-4E3A-9148-0240C97A64AD}.Release|Any CPU.Build.0 = Release|Any CPU
		{05FC9D4F-A793-4DEA-AED5-B522ACB39487}.Debug|Any CPU.ActiveCfg = Debug|Any CPU
		{05FC9D4F-A793-4DEA-AED5-B522ACB39487}.Debug|Any CPU.Build.0 = Debug|Any CPU
		{05FC9D4F-A793-4DEA-AED5-B522ACB39487}.Release|Any CPU.ActiveCfg = Release|Any CPU
		{05FC9D4F-A793-4DEA-AED5-B522ACB39487}.Release|Any CPU.Build.0 = Release|Any CPU
		{6D145AB0-4733-4B18-9A5E-5E330CA7E5E3}.Debug|Any CPU.ActiveCfg = Debug|Any CPU
		{6D145AB0-4733-4B18-9A5E-5E330CA7E5E3}.Debug|Any CPU.Build.0 = Debug|Any CPU
		{6D145AB0-4733-4B18-9A5E-5E330CA7E5E3}.Release|Any CPU.ActiveCfg = Release|Any CPU
		{6D145AB0-4733-4B18-9A5E-5E330CA7E5E3}.Release|Any CPU.Build.0 = Release|Any CPU
		{5378B13C-DA77-4F9A-A7D7-854EFD51B148}.Debug|Any CPU.ActiveCfg = Debug|Any CPU
		{5378B13C-DA77-4F9A-A7D7-854EFD51B148}.Debug|Any CPU.Build.0 = Debug|Any CPU
		{5378B13C-DA77-4F9A-A7D7-854EFD51B148}.Release|Any CPU.ActiveCfg = Release|Any CPU
		{5378B13C-DA77-4F9A-A7D7-854EFD51B148}.Release|Any CPU.Build.0 = Release|Any CPU
	EndGlobalSection
	GlobalSection(SolutionProperties) = preSolution
		HideSolutionNode = FALSE
	EndGlobalSection
	GlobalSection(ExtensibilityGlobals) = postSolution
		SolutionGuid = {1071A890-8305-4BF7-927F-A360DED87AF3}
	EndGlobalSection
EndGlobal
